
Microsoft Visual Studio Solution File, Format Version 12.00
# Visual Studio 14
VisualStudioVersion = 14.0.25123.0
MinimumVisualStudioVersion = 10.0.40219.1
Project("{FAE04EC0-301F-11D3-BF4B-00C04F79EFBC}") = "CodingTest.PredictiveText.Tests", "CodingTest.PredictiveText.Tests\CodingTest.PredictiveText.Tests.csproj", "{CF22846B-98BD-4C70-92D7-516F39714F24}"
EndProject
Project("{FAE04EC0-301F-11D3-BF4B-00C04F79EFBC}") = "CodingTest.PredictiveText.Core", "CodingTest.PredictiveText.Core\CodingTest.PredictiveText.Core.csproj", "{2E6DB812-5209-4DE2-8024-F9B48961981D}"
EndProject
Project("{FAE04EC0-301F-11D3-BF4B-00C04F79EFBC}") = "CodingTest.PredictiveText.Web", "CodingTest.PredictiveText.Web\CodingTest.PredictiveText.Web.csproj", "{C20B5E9A-65B6-40E8-B3D9-07F779FDDFFB}"
EndProject
Global
	GlobalSection(SolutionConfigurationPlatforms) = preSolution
		Debug|Any CPU = Debug|Any CPU
		Release|Any CPU = Release|Any CPU
	EndGlobalSection
	GlobalSection(ProjectConfigurationPlatforms) = postSolution
		{CF22846B-98BD-4C70-92D7-516F39714F24}.Debug|Any CPU.ActiveCfg = Debug|Any CPU
		{CF22846B-98BD-4C70-92D7-516F39714F24}.Debug|Any CPU.Build.0 = Debug|Any CPU
		{CF22846B-98BD-4C70-92D7-516F39714F24}.Release|Any CPU.ActiveCfg = Release|Any CPU
		{CF22846B-98BD-4C70-92D7-516F39714F24}.Release|Any CPU.Build.0 = Release|Any CPU
		{2E6DB812-5209-4DE2-8024-F9B48961981D}.Debug|Any CPU.ActiveCfg = Debug|Any CPU
		{2E6DB812-5209-4DE2-8024-F9B48961981D}.Debug|Any CPU.Build.0 = Debug|Any CPU
		{2E6DB812-5209-4DE2-8024-F9B48961981D}.Release|Any CPU.ActiveCfg = Release|Any CPU
		{2E6DB812-5209-4DE2-8024-F9B48961981D}.Release|Any CPU.Build.0 = Release|Any CPU
		{C20B5E9A-65B6-40E8-B3D9-07F779FDDFFB}.Debug|Any CPU.ActiveCfg = Debug|Any CPU
		{C20B5E9A-65B6-40E8-B3D9-07F779FDDFFB}.Debug|Any CPU.Build.0 = Debug|Any CPU
		{C20B5E9A-65B6-40E8-B3D9-07F779FDDFFB}.Release|Any CPU.ActiveCfg = Release|Any CPU
		{C20B5E9A-65B6-40E8-B3D9-07F779FDDFFB}.Release|Any CPU.Build.0 = Release|Any CPU
	EndGlobalSection
	GlobalSection(SolutionProperties) = preSolution
		HideSolutionNode = FALSE
	EndGlobalSection
EndGlobal
